// !$*UTF8*$!
{
	archiveVersion = 1;
	classes = {
	};
	objectVersion = 77;
	objects = {

/* Begin PBXBuildFile section */
		B1C2D3E4F5A60003B1C2D3E4 /* libsqlite3.tbd in Frameworks */ = {isa = PBXBuildFile; fileRef = B1C2D3E4F5A60001B1C2D3E4 /* libsqlite3.tbd */; };
		DE317FA42F62CE6A00180053 /* DeviceActivityReport.appex in Embed ExtensionKit Extensions */ = {isa = PBXBuildFile; fileRef = DE317F982F62CE6A00180053 /* DeviceActivityReport.appex */; settings = {ATTRIBUTES = (RemoveHeadersOnCopy, ); }; };
		DED110672F62000200C3B230 /* DeviceActivity.framework in Frameworks */ = {isa = PBXBuildFile; fileRef = DED110662F62000200C3B230 /* DeviceActivity.framework */; };
		DED1106F2F62000200C3B230 /* ScreenTimeMonitor.appex in Embed Foundation Extensions */ = {isa = PBXBuildFile; fileRef = DED110652F62000200C3B230 /* ScreenTimeMonitor.appex */; settings = {ATTRIBUTES = (RemoveHeadersOnCopy, ); }; };
		DED1107D2F62002300C3B230 /* ManagedSettings.framework in Frameworks */ = {isa = PBXBuildFile; fileRef = DED1107C2F62002300C3B230 /* ManagedSettings.framework */; };
		DED1107F2F62002300C3B230 /* ManagedSettingsUI.framework in Frameworks */ = {isa = PBXBuildFile; fileRef = DED1107E2F62002300C3B230 /* ManagedSettingsUI.framework */; };
		DED110872F62002300C3B230 /* ShieldConfiguration.appex in Embed Foundation Extensions */ = {isa = PBXBuildFile; fileRef = DED1107B2F62002300C3B230 /* ShieldConfiguration.appex */; settings = {ATTRIBUTES = (RemoveHeadersOnCopy, ); }; };
		DED110912F62004A00C3B230 /* ManagedSettings.framework in Frameworks */ = {isa = PBXBuildFile; fileRef = DED1107C2F62002300C3B230 /* ManagedSettings.framework */; };
		DED110992F62004A00C3B230 /* ShieldAction.appex in Embed Foundation Extensions */ = {isa = PBXBuildFile; fileRef = DED110902F62004A00C3B230 /* ShieldAction.appex */; settings = {ATTRIBUTES = (RemoveHeadersOnCopy, ); }; };
/* End PBXBuildFile section */

/* Begin PBXContainerItemProxy section */
		A1B2C3D4E5F60007A1B2C3D4 /* PBXContainerItemProxy */ = {
			isa = PBXContainerItemProxy;
			containerPortal = 2BE3E43641C769565DBF55D0 /* Project object */;
			proxyType = 1;
			remoteGlobalIDString = 04A4CCDABCE9EF2600F9039F;
			remoteInfo = iosApp;
		};
		DE317FA22F62CE6A00180053 /* PBXContainerItemProxy */ = {
			isa = PBXContainerItemProxy;
			containerPortal = 2BE3E43641C769565DBF55D0 /* Project object */;
			proxyType = 1;
			remoteGlobalIDString = DE317F972F62CE6A00180053;
			remoteInfo = DeviceActivityReport;
		};
		DED1106D2F62000200C3B230 /* PBXContainerItemProxy */ = {
			isa = PBXContainerItemProxy;
			containerPortal = 2BE3E43641C769565DBF55D0 /* Project object */;
			proxyType = 1;
			remoteGlobalIDString = DED110642F62000200C3B230;
			remoteInfo = ScreenTimeMonitor;
		};
		DED110852F62002300C3B230 /* PBXContainerItemProxy */ = {
			isa = PBXContainerItemProxy;
			containerPortal = 2BE3E43641C769565DBF55D0 /* Project object */;
			proxyType = 1;
			remoteGlobalIDString = DED1107A2F62002300C3B230;
			remoteInfo = ShieldConfiguration;
		};
		DED110972F62004A00C3B230 /* PBXContainerItemProxy */ = {
			isa = PBXContainerItemProxy;
			containerPortal = 2BE3E43641C769565DBF55D0 /* Project object */;
			proxyType = 1;
			remoteGlobalIDString = DED1108F2F62004A00C3B230;
			remoteInfo = ShieldAction;
		};
/* End PBXContainerItemProxy section */

/* Begin PBXCopyFilesBuildPhase section */
		DE317FA92F62CE6A00180053 /* Embed ExtensionKit Extensions */ = {
			isa = PBXCopyFilesBuildPhase;
			buildActionMask = 2147483647;
			dstPath = "$(EXTENSIONS_FOLDER_PATH)";
			dstSubfolderSpec = 16;
			files = (
				DE317FA42F62CE6A00180053 /* DeviceActivityReport.appex in Embed ExtensionKit Extensions */,
			);
			name = "Embed ExtensionKit Extensions";
			runOnlyForDeploymentPostprocessing = 0;
		};
		DED110702F62000200C3B230 /* Embed Foundation Extensions */ = {
			isa = PBXCopyFilesBuildPhase;
			buildActionMask = 2147483647;
			dstPath = "";
			dstSubfolderSpec = 13;
			files = (
				DED110992F62004A00C3B230 /* ShieldAction.appex in Embed Foundation Extensions */,
				DED110872F62002300C3B230 /* ShieldConfiguration.appex in Embed Foundation Extensions */,
				DED1106F2F62000200C3B230 /* ScreenTimeMonitor.appex in Embed Foundation Extensions */,
			);
			name = "Embed Foundation Extensions";
			runOnlyForDeploymentPostprocessing = 0;
		};
/* End PBXCopyFilesBuildPhase section */

/* Begin PBXFileReference section */
		762F76641E8CA1A01EE35518 /* PushUp.app */ = {isa = PBXFileReference; explicitFileType = wrapper.application; includeInIndex = 0; path = PushUp.app; sourceTree = BUILT_PRODUCTS_DIR; };
		A1B2C3D4E5F60001A1B2C3D4 /* PushUp.xctest */ = {isa = PBXFileReference; explicitFileType = wrapper.cfbundle; includeInIndex = 0; path = PushUp.xctest; sourceTree = BUILT_PRODUCTS_DIR; };
		B1C2D3E4F5A60001B1C2D3E4 /* libsqlite3.tbd */ = {isa = PBXFileReference; lastKnownFileType = "sourcecode.text-based-dylib-definition"; name = libsqlite3.tbd; path = usr/lib/libsqlite3.tbd; sourceTree = SDKROOT; };
		DE317F982F62CE6A00180053 /* DeviceActivityReport.appex */ = {isa = PBXFileReference; explicitFileType = "wrapper.extensionkit-extension"; includeInIndex = 0; path = DeviceActivityReport.appex; sourceTree = BUILT_PRODUCTS_DIR; };
		DED110652F62000200C3B230 /* ScreenTimeMonitor.appex */ = {isa = PBXFileReference; explicitFileType = "wrapper.app-extension"; includeInIndex = 0; path = ScreenTimeMonitor.appex; sourceTree = BUILT_PRODUCTS_DIR; };
		DED110662F62000200C3B230 /* DeviceActivity.framework */ = {isa = PBXFileReference; lastKnownFileType = wrapper.framework; name = DeviceActivity.framework; path = System/Library/Frameworks/DeviceActivity.framework; sourceTree = SDKROOT; };
		DED1107B2F62002300C3B230 /* ShieldConfiguration.appex */ = {isa = PBXFileReference; explicitFileType = "wrapper.app-extension"; includeInIndex = 0; path = ShieldConfiguration.appex; sourceTree = BUILT_PRODUCTS_DIR; };
		DED1107C2F62002300C3B230 /* ManagedSettings.framework */ = {isa = PBXFileReference; lastKnownFileType = wrapper.framework; name = ManagedSettings.framework; path = System/Library/Frameworks/ManagedSettings.framework; sourceTree = SDKROOT; };
		DED1107E2F62002300C3B230 /* ManagedSettingsUI.framework */ = {isa = PBXFileReference; lastKnownFileType = wrapper.framework; name = ManagedSettingsUI.framework; path = System/Library/Frameworks/ManagedSettingsUI.framework; sourceTree = SDKROOT; };
		DED110902F62004A00C3B230 /* ShieldAction.appex */ = {isa = PBXFileReference; explicitFileType = "wrapper.app-extension"; includeInIndex = 0; path = ShieldAction.appex; sourceTree = BUILT_PRODUCTS_DIR; };
/* End PBXFileReference section */

/* Begin PBXFileSystemSynchronizedBuildFileExceptionSet section */
		DE317FA82F62CE6A00180053 /* Exceptions for "DeviceActivityReport" folder in "DeviceActivityReport" target */ = {
			isa = PBXFileSystemSynchronizedBuildFileExceptionSet;
			membershipExceptions = (
				Info.plist,
			);
			target = DE317F972F62CE6A00180053 /* DeviceActivityReport */;
		};
		DED110742F62000200C3B230 /* Exceptions for "ScreenTimeMonitor" folder in "ScreenTimeMonitor" target */ = {
			isa = PBXFileSystemSynchronizedBuildFileExceptionSet;
			membershipExceptions = (
				Info.plist,
			);
			target = DED110642F62000200C3B230 /* ScreenTimeMonitor */;
		};
		DED1108B2F62002300C3B230 /* Exceptions for "ShieldConfiguration" folder in "ShieldConfiguration" target */ = {
			isa = PBXFileSystemSynchronizedBuildFileExceptionSet;
			membershipExceptions = (
				Info.plist,
			);
			target = DED1107A2F62002300C3B230 /* ShieldConfiguration */;
		};
		DED1109D2F62004A00C3B230 /* Exceptions for "ShieldAction" folder in "ShieldAction" target */ = {
			isa = PBXFileSystemSynchronizedBuildFileExceptionSet;
			membershipExceptions = (
				Info.plist,
			);
			target = DED1108F2F62004A00C3B230 /* ShieldAction */;
		};
		F7ECC39265BC3C77E9DF2A56 /* Exceptions for "iosApp" folder in "iosApp" target */ = {
			isa = PBXFileSystemSynchronizedBuildFileExceptionSet;
			membershipExceptions = (
				Info.plist,
			);
			target = 04A4CCDABCE9EF2600F9039F /* iosApp */;
		};
/* End PBXFileSystemSynchronizedBuildFileExceptionSet section */

/* Begin PBXFileSystemSynchronizedRootGroup section */
		654BDDC85199D44B8C4EFBC8 /* iosApp */ = {
			isa = PBXFileSystemSynchronizedRootGroup;
			exceptions = (
				F7ECC39265BC3C77E9DF2A56 /* Exceptions for "iosApp" folder in "iosApp" target */,
			);
			path = iosApp;
			sourceTree = "<group>";
		};
		9F4D9F82323457B224A5E714 /* Configuration */ = {
			isa = PBXFileSystemSynchronizedRootGroup;
			path = Configuration;
			sourceTree = "<group>";
		};
		A1B2C3D4E5F60002A1B2C3D4 /* iosAppTests */ = {
			isa = PBXFileSystemSynchronizedRootGroup;
			path = iosAppTests;
			sourceTree = "<group>";
		};
		DE317F992F62CE6A00180053 /* DeviceActivityReport */ = {
			isa = PBXFileSystemSynchronizedRootGroup;
			exceptions = (
				DE317FA82F62CE6A00180053 /* Exceptions for "DeviceActivityReport" folder in "DeviceActivityReport" target */,
			);
			path = DeviceActivityReport;
			sourceTree = "<group>";
		};
		DED110682F62000200C3B230 /* ScreenTimeMonitor */ = {
			isa = PBXFileSystemSynchronizedRootGroup;
			exceptions = (
				DED110742F62000200C3B230 /* Exceptions for "ScreenTimeMonitor" folder in "ScreenTimeMonitor" target */,
			);
			path = ScreenTimeMonitor;
			sourceTree = "<group>";
		};
		DED110802F62002300C3B230 /* ShieldConfiguration */ = {
			isa = PBXFileSystemSynchronizedRootGroup;
			exceptions = (
				DED1108B2F62002300C3B230 /* Exceptions for "ShieldConfiguration" folder in "ShieldConfiguration" target */,
			);
			path = ShieldConfiguration;
			sourceTree = "<group>";
		};
		DED110922F62004A00C3B230 /* ShieldAction */ = {
			isa = PBXFileSystemSynchronizedRootGroup;
			exceptions = (
				DED1109D2F62004A00C3B230 /* Exceptions for "ShieldAction" folder in "ShieldAction" target */,
			);
			path = ShieldAction;
			sourceTree = "<group>";
		};
/* End PBXFileSystemSynchronizedRootGroup section */

/* Begin PBXFrameworksBuildPhase section */
		1DFEE6EFC19AC9F6EBBA3F8D /* Frameworks */ = {
			isa = PBXFrameworksBuildPhase;
			buildActionMask = 2147483647;
			files = (
				B1C2D3E4F5A60003B1C2D3E4 /* libsqlite3.tbd in Frameworks */,
			);
			runOnlyForDeploymentPostprocessing = 0;
		};
		A1B2C3D4E5F60003A1B2C3D4 /* Frameworks */ = {
			isa = PBXFrameworksBuildPhase;
			buildActionMask = 2147483647;
			files = (
			);
			runOnlyForDeploymentPostprocessing = 0;
		};
		DE317F952F62CE6A00180053 /* Frameworks */ = {
			isa = PBXFrameworksBuildPhase;
			buildActionMask = 2147483647;
			files = (
			);
			runOnlyForDeploymentPostprocessing = 0;
		};
		DED110622F62000200C3B230 /* Frameworks */ = {
			isa = PBXFrameworksBuildPhase;
			buildActionMask = 2147483647;
			files = (
				DED110672F62000200C3B230 /* DeviceActivity.framework in Frameworks */,
			);
			runOnlyForDeploymentPostprocessing = 0;
		};
		DED110782F62002300C3B230 /* Frameworks */ = {
			isa = PBXFrameworksBuildPhase;
			buildActionMask = 2147483647;
			files = (
				DED1107D2F62002300C3B230 /* ManagedSettings.framework in Frameworks */,
				DED1107F2F62002300C3B230 /* ManagedSettingsUI.framework in Frameworks */,
			);
			runOnlyForDeploymentPostprocessing = 0;
		};
		DED1108D2F62004A00C3B230 /* Frameworks */ = {
			isa = PBXFrameworksBuildPhase;
			buildActionMask = 2147483647;
			files = (
				DED110912F62004A00C3B230 /* ManagedSettings.framework in Frameworks */,
			);
			runOnlyForDeploymentPostprocessing = 0;
		};
/* End PBXFrameworksBuildPhase section */

/* Begin PBXGroup section */
		8F384C50A4876BA553811CF7 = {
			isa = PBXGroup;
			children = (
				9F4D9F82323457B224A5E714 /* Configuration */,
				654BDDC85199D44B8C4EFBC8 /* iosApp */,
				A1B2C3D4E5F60002A1B2C3D4 /* iosAppTests */,
				DED110682F62000200C3B230 /* ScreenTimeMonitor */,
				DED110802F62002300C3B230 /* ShieldConfiguration */,
				DED110922F62004A00C3B230 /* ShieldAction */,
				DE317F992F62CE6A00180053 /* DeviceActivityReport */,
				B1C2D3E4F5A60002B1C2D3E4 /* Frameworks */,
				DFB462212BE42F5B86961EF7 /* Products */,
			);
			sourceTree = "<group>";
		};
		B1C2D3E4F5A60002B1C2D3E4 /* Frameworks */ = {
			isa = PBXGroup;
			children = (
				B1C2D3E4F5A60001B1C2D3E4 /* libsqlite3.tbd */,
				DED110662F62000200C3B230 /* DeviceActivity.framework */,
				DED1107C2F62002300C3B230 /* ManagedSettings.framework */,
				DED1107E2F62002300C3B230 /* ManagedSettingsUI.framework */,
			);
			name = Frameworks;
			sourceTree = "<group>";
		};
		DFB462212BE42F5B86961EF7 /* Products */ = {
			isa = PBXGroup;
			children = (
				762F76641E8CA1A01EE35518 /* PushUp.app */,
				A1B2C3D4E5F60001A1B2C3D4 /* PushUp.xctest */,
				DED110652F62000200C3B230 /* ScreenTimeMonitor.appex */,
				DED1107B2F62002300C3B230 /* ShieldConfiguration.appex */,
				DED110902F62004A00C3B230 /* ShieldAction.appex */,
				DE317F982F62CE6A00180053 /* DeviceActivityReport.appex */,
			);
			name = Products;
			sourceTree = "<group>";
		};
/* End PBXGroup section */

/* Begin PBXNativeTarget section */
		04A4CCDABCE9EF2600F9039F /* iosApp */ = {
			isa = PBXNativeTarget;
			buildConfigurationList = F68F016351E28A847FA8B9A5 /* Build configuration list for PBXNativeTarget "iosApp" */;
			buildPhases = (
				C3B3CD7421009DA82C3ADD64 /* Compile Kotlin Framework */,
				E6C6C9B159C1A7EB4469E496 /* Sources */,
				1DFEE6EFC19AC9F6EBBA3F8D /* Frameworks */,
				B93642CFFB530314EDD7FEE8 /* Resources */,
				DED110702F62000200C3B230 /* Embed Foundation Extensions */,
				DE317FA92F62CE6A00180053 /* Embed ExtensionKit Extensions */,
			);
			buildRules = (
			);
			dependencies = (
				DED1106E2F62000200C3B230 /* PBXTargetDependency */,
				DED110862F62002300C3B230 /* PBXTargetDependency */,
				DED110982F62004A00C3B230 /* PBXTargetDependency */,
				DE317FA32F62CE6A00180053 /* PBXTargetDependency */,
			);
			fileSystemSynchronizedGroups = (
				654BDDC85199D44B8C4EFBC8 /* iosApp */,
			);
			name = iosApp;
			packageProductDependencies = (
			);
			productName = iosApp;
			productReference = 762F76641E8CA1A01EE35518 /* PushUp.app */;
			productType = "com.apple.product-type.application";
		};
		A1B2C3D4E5F60004A1B2C3D4 /* iosAppTests */ = {
			isa = PBXNativeTarget;
			buildConfigurationList = A1B2C3D4E5F60009A1B2C3D4 /* Build configuration list for PBXNativeTarget "iosAppTests" */;
			buildPhases = (
				A1B2C3D4E5F60005A1B2C3D4 /* Sources */,
				A1B2C3D4E5F60003A1B2C3D4 /* Frameworks */,
			);
			buildRules = (
			);
			dependencies = (
				A1B2C3D4E5F60006A1B2C3D4 /* PBXTargetDependency */,
			);
			fileSystemSynchronizedGroups = (
				A1B2C3D4E5F60002A1B2C3D4 /* iosAppTests */,
			);
			name = iosAppTests;
			packageProductDependencies = (
			);
			productName = iosAppTests;
			productReference = A1B2C3D4E5F60001A1B2C3D4 /* PushUp.xctest */;
			productType = "com.apple.product-type.bundle.unit-test";
		};
		DE317F972F62CE6A00180053 /* DeviceActivityReport */ = {
			isa = PBXNativeTarget;
			buildConfigurationList = DE317FA52F62CE6A00180053 /* Build configuration list for PBXNativeTarget "DeviceActivityReport" */;
			buildPhases = (
				DE317F942F62CE6A00180053 /* Sources */,
				DE317F952F62CE6A00180053 /* Frameworks */,
				DE317F962F62CE6A00180053 /* Resources */,
			);
			buildRules = (
			);
			dependencies = (
			);
			fileSystemSynchronizedGroups = (
				DE317F992F62CE6A00180053 /* DeviceActivityReport */,
			);
			name = DeviceActivityReport;
			packageProductDependencies = (
			);
			productName = DeviceActivityReport;
			productReference = DE317F982F62CE6A00180053 /* DeviceActivityReport.appex */;
			productType = "com.apple.product-type.extensionkit-extension";
		};
		DED110642F62000200C3B230 /* ScreenTimeMonitor */ = {
			isa = PBXNativeTarget;
			buildConfigurationList = DED110732F62000200C3B230 /* Build configuration list for PBXNativeTarget "ScreenTimeMonitor" */;
			buildPhases = (
				DED110612F62000200C3B230 /* Sources */,
				DED110622F62000200C3B230 /* Frameworks */,
				DED110632F62000200C3B230 /* Resources */,
			);
			buildRules = (
			);
			dependencies = (
			);
			fileSystemSynchronizedGroups = (
				DED110682F62000200C3B230 /* ScreenTimeMonitor */,
			);
			name = ScreenTimeMonitor;
			packageProductDependencies = (
			);
			productName = ScreenTimeMonitor;
			productReference = DED110652F62000200C3B230 /* ScreenTimeMonitor.appex */;
			productType = "com.apple.product-type.app-extension";
		};
		DED1107A2F62002300C3B230 /* ShieldConfiguration */ = {
			isa = PBXNativeTarget;
			buildConfigurationList = DED110882F62002300C3B230 /* Build configuration list for PBXNativeTarget "ShieldConfiguration" */;
			buildPhases = (
				DED110772F62002300C3B230 /* Sources */,
				DED110782F62002300C3B230 /* Frameworks */,
				DED110792F62002300C3B230 /* Resources */,
			);
			buildRules = (
			);
			dependencies = (
			);
			fileSystemSynchronizedGroups = (
				DED110802F62002300C3B230 /* ShieldConfiguration */,
			);
			name = ShieldConfiguration;
			packageProductDependencies = (
			);
			productName = ShieldConfiguration;
			productReference = DED1107B2F62002300C3B230 /* ShieldConfiguration.appex */;
			productType = "com.apple.product-type.app-extension";
		};
		DED1108F2F62004A00C3B230 /* ShieldAction */ = {
			isa = PBXNativeTarget;
			buildConfigurationList = DED1109A2F62004A00C3B230 /* Build configuration list for PBXNativeTarget "ShieldAction" */;
			buildPhases = (
				DED1108C2F62004A00C3B230 /* Sources */,
				DED1108D2F62004A00C3B230 /* Frameworks */,
				DED1108E2F62004A00C3B230 /* Resources */,
			);
			buildRules = (
			);
			dependencies = (
			);
			fileSystemSynchronizedGroups = (
				DED110922F62004A00C3B230 /* ShieldAction */,
			);
			name = ShieldAction;
			packageProductDependencies = (
			);
			productName = ShieldAction;
			productReference = DED110902F62004A00C3B230 /* ShieldAction.appex */;
			productType = "com.apple.product-type.app-extension";
		};
/* End PBXNativeTarget section */

/* Begin PBXProject section */
		2BE3E43641C769565DBF55D0 /* Project object */ = {
			isa = PBXProject;
			attributes = {
				BuildIndependentTargetsInParallel = 1;
				LastSwiftUpdateCheck = 1600;
				LastUpgradeCheck = 1620;
				TargetAttributes = {
					04A4CCDABCE9EF2600F9039F = {
						CreatedOnToolsVersion = 16.2;
						SystemCapabilities = {
							com.apple.Push = {
								enabled = 1;
							};
							com.apple.developer.applesignin = {
								enabled = 1;
							};
						};
					};
					A1B2C3D4E5F60004A1B2C3D4 = {
						CreatedOnToolsVersion = 16.2;
						TestTargetID = 04A4CCDABCE9EF2600F9039F;
					};
					DE317F972F62CE6A00180053 = {
						CreatedOnToolsVersion = 16.0;
					};
					DED110642F62000200C3B230 = {
						CreatedOnToolsVersion = 16.0;
					};
					DED1107A2F62002300C3B230 = {
						CreatedOnToolsVersion = 16.0;
					};
					DED1108F2F62004A00C3B230 = {
						CreatedOnToolsVersion = 16.0;
					};
				};
			};
			buildConfigurationList = AAD834DC0EE98D56D72E004C /* Build configuration list for PBXProject "iosApp" */;
			developmentRegion = en;
			hasScannedForEncodings = 0;
			knownRegions = (
				en,
				Base,
			);
			mainGroup = 8F384C50A4876BA553811CF7;
			minimizedProjectReferenceProxies = 1;
			preferredProjectObjectVersion = 77;
			productRefGroup = DFB462212BE42F5B86961EF7 /* Products */;
			projectDirPath = "";
			projectRoot = "";
			targets = (
				04A4CCDABCE9EF2600F9039F /* iosApp */,
				A1B2C3D4E5F60004A1B2C3D4 /* iosAppTests */,
				DED110642F62000200C3B230 /* ScreenTimeMonitor */,
				DED1107A2F62002300C3B230 /* ShieldConfiguration */,
				DED1108F2F62004A00C3B230 /* ShieldAction */,
				DE317F972F62CE6A00180053 /* DeviceActivityReport */,
			);
		};
/* End PBXProject section */

/* Begin PBXResourcesBuildPhase section */
		B93642CFFB530314EDD7FEE8 /* Resources */ = {
			isa = PBXResourcesBuildPhase;
			buildActionMask = 2147483647;
			files = (
			);
			runOnlyForDeploymentPostprocessing = 0;
		};
		DE317F962F62CE6A00180053 /* Resources */ = {
			isa = PBXResourcesBuildPhase;
			buildActionMask = 2147483647;
			files = (
			);
			runOnlyForDeploymentPostprocessing = 0;
		};
		DED110632F62000200C3B230 /* Resources */ = {
			isa = PBXResourcesBuildPhase;
			buildActionMask = 2147483647;
			files = (
			);
			runOnlyForDeploymentPostprocessing = 0;
		};
		DED110792F62002300C3B230 /* Resources */ = {
			isa = PBXResourcesBuildPhase;
			buildActionMask = 2147483647;
			files = (
			);
			runOnlyForDeploymentPostprocessing = 0;
		};
		DED1108E2F62004A00C3B230 /* Resources */ = {
			isa = PBXResourcesBuildPhase;
			buildActionMask = 2147483647;
			files = (
			);
			runOnlyForDeploymentPostprocessing = 0;
		};
/* End PBXResourcesBuildPhase section */

/* Begin PBXShellScriptBuildPhase section */
		C3B3CD7421009DA82C3ADD64 /* Compile Kotlin Framework */ = {
			isa = PBXShellScriptBuildPhase;
			alwaysOutOfDate = 1;
			buildActionMask = 2147483647;
			files = (
			);
			inputFileListPaths = (
			);
			inputPaths = (
			);
			name = "Compile Kotlin Framework";
			outputFileListPaths = (
			);
			outputPaths = (
			);
			runOnlyForDeploymentPostprocessing = 0;
			shellPath = /bin/sh;
			shellScript = "if [ \"YES\" = \"$OVERRIDE_KOTLIN_BUILD_IDE_SUPPORTED\" ]; then\n  echo \"Skipping Gradle build task invocation due to OVERRIDE_KOTLIN_BUILD_IDE_SUPPORTED environment variable set to \\\"YES\\\"\"\n  exit 0\nfi\ncd \"$SRCROOT/..\"\n./gradlew :shared:embedAndSignAppleFrameworkForXcode\n";
		};
/* End PBXShellScriptBuildPhase section */

/* Begin PBXSourcesBuildPhase section */
		A1B2C3D4E5F60005A1B2C3D4 /* Sources */ = {
			isa = PBXSourcesBuildPhase;
			buildActionMask = 2147483647;
			files = (
			);
			runOnlyForDeploymentPostprocessing = 0;
		};
		DE317F942F62CE6A00180053 /* Sources */ = {
			isa = PBXSourcesBuildPhase;
			buildActionMask = 2147483647;
			files = (
			);
			runOnlyForDeploymentPostprocessing = 0;
		};
		DED110612F62000200C3B230 /* Sources */ = {
			isa = PBXSourcesBuildPhase;
			buildActionMask = 2147483647;
			files = (
			);
			runOnlyForDeploymentPostprocessing = 0;
		};
		DED110772F62002300C3B230 /* Sources */ = {
			isa = PBXSourcesBuildPhase;
			buildActionMask = 2147483647;
			files = (
			);
			runOnlyForDeploymentPostprocessing = 0;
		};
		DED1108C2F62004A00C3B230 /* Sources */ = {
			isa = PBXSourcesBuildPhase;
			buildActionMask = 2147483647;
			files = (
			);
			runOnlyForDeploymentPostprocessing = 0;
		};
		E6C6C9B159C1A7EB4469E496 /* Sources */ = {
			isa = PBXSourcesBuildPhase;
			buildActionMask = 2147483647;
			files = (
			);
			runOnlyForDeploymentPostprocessing = 0;
		};
/* End PBXSourcesBuildPhase section */

/* Begin PBXTargetDependency section */
		A1B2C3D4E5F60006A1B2C3D4 /* PBXTargetDependency */ = {
			isa = PBXTargetDependency;
			target = 04A4CCDABCE9EF2600F9039F /* iosApp */;
			targetProxy = A1B2C3D4E5F60007A1B2C3D4 /* PBXContainerItemProxy */;
		};
		DE317FA32F62CE6A00180053 /* PBXTargetDependency */ = {
			isa = PBXTargetDependency;
			target = DE317F972F62CE6A00180053 /* DeviceActivityReport */;
			targetProxy = DE317FA22F62CE6A00180053 /* PBXContainerItemProxy */;
		};
		DED1106E2F62000200C3B230 /* PBXTargetDependency */ = {
			isa = PBXTargetDependency;
			target = DED110642F62000200C3B230 /* ScreenTimeMonitor */;
			targetProxy = DED1106D2F62000200C3B230 /* PBXContainerItemProxy */;
		};
		DED110862F62002300C3B230 /* PBXTargetDependency */ = {
			isa = PBXTargetDependency;
			target = DED1107A2F62002300C3B230 /* ShieldConfiguration */;
			targetProxy = DED110852F62002300C3B230 /* PBXContainerItemProxy */;
		};
		DED110982F62004A00C3B230 /* PBXTargetDependency */ = {
			isa = PBXTargetDependency;
			target = DED1108F2F62004A00C3B230 /* ShieldAction */;
			targetProxy = DED110972F62004A00C3B230 /* PBXContainerItemProxy */;
		};
/* End PBXTargetDependency section */

/* Begin XCBuildConfiguration section */
		5B3EF3D8201114760E675E2F /* Debug */ = {
			isa = XCBuildConfiguration;
			buildSettings = {
				ARCHS = arm64;
				ASSETCATALOG_COMPILER_APPICON_NAME = AppIcon;
				ASSETCATALOG_COMPILER_GLOBAL_ACCENT_COLOR_NAME = AccentColor;
				CODE_SIGN_ENTITLEMENTS = iosApp/iosApp.entitlements;
				CODE_SIGN_IDENTITY = "Apple Development";
				CODE_SIGN_STYLE = Automatic;
				DEVELOPMENT_ASSET_PATHS = "\"iosApp/Preview Content\"";
				DEVELOPMENT_TEAM = 2986PL676H;
				ENABLE_PREVIEWS = YES;
				GENERATE_INFOPLIST_FILE = YES;
				INFOPLIST_FILE = iosApp/Info.plist;
				INFOPLIST_KEY_UIApplicationSceneManifest_Generation = YES;
				INFOPLIST_KEY_UIApplicationSupportsIndirectInputEvents = YES;
				INFOPLIST_KEY_UILaunchStoryboardName = LaunchScreen;
				INFOPLIST_KEY_UISupportedInterfaceOrientations_iPad = "UIInterfaceOrientationPortrait UIInterfaceOrientationPortraitUpsideDown UIInterfaceOrientationLandscapeLeft UIInterfaceOrientationLandscapeRight";
				INFOPLIST_KEY_UISupportedInterfaceOrientations_iPhone = "UIInterfaceOrientationPortrait UIInterfaceOrientationLandscapeLeft UIInterfaceOrientationLandscapeRight";
				LD_RUNPATH_SEARCH_PATHS = (
					"$(inherited)",
					"@executable_path/Frameworks",
				);
				SWIFT_EMIT_LOC_STRINGS = YES;
				SWIFT_VERSION = 5.9;
				TARGETED_DEVICE_FAMILY = "1,2";
			};
			name = Debug;
		};
		A1B2C3D4E5F6000AA1B2C3D4 /* Debug */ = {
			isa = XCBuildConfiguration;
			buildSettings = {
				ARCHS = arm64;
				BUNDLE_LOADER = "$(TEST_HOST)";
				CODE_SIGN_STYLE = Automatic;
				DEVELOPMENT_TEAM = "${TEAM_ID}";
				GENERATE_INFOPLIST_FILE = YES;
				IPHONEOS_DEPLOYMENT_TARGET = 17.0;
				PRODUCT_BUNDLE_IDENTIFIER = com.pushup.iosAppTests;
				SDKROOT = iphoneos;
				SWIFT_VERSION = 5.9;
				TARGETED_DEVICE_FAMILY = "1,2";
				TEST_HOST = "$(BUILT_PRODUCTS_DIR)/PushUp.app/$(BUNDLE_EXECUTABLE_FOLDER_PATH)/iosApp";
			};
			name = Debug;
		};
		A1B2C3D4E5F6000BA1B2C3D4 /* Release */ = {
			isa = XCBuildConfiguration;
			buildSettings = {
				ARCHS = arm64;
				BUNDLE_LOADER = "$(TEST_HOST)";
				CODE_SIGN_STYLE = Automatic;
				DEVELOPMENT_TEAM = "${TEAM_ID}";
				GENERATE_INFOPLIST_FILE = YES;
				IPHONEOS_DEPLOYMENT_TARGET = 17.0;
				PRODUCT_BUNDLE_IDENTIFIER = com.pushup.iosAppTests;
				SDKROOT = iphoneos;
				SWIFT_VERSION = 5.9;
				TARGETED_DEVICE_FAMILY = "1,2";
				TEST_HOST = "$(BUILT_PRODUCTS_DIR)/PushUp.app/$(BUNDLE_EXECUTABLE_FOLDER_PATH)/iosApp";
			};
			name = Release;
		};
		D101C5FC0A8A96F96178EC6D /* Release */ = {
			isa = XCBuildConfiguration;
			baseConfigurationReferenceAnchor = 9F4D9F82323457B224A5E714 /* Configuration */;
			baseConfigurationReferenceRelativePath = Config.xcconfig;
			buildSettings = {
				ALWAYS_SEARCH_USER_PATHS = NO;
				ASSETCATALOG_COMPILER_GENERATE_SWIFT_ASSET_SYMBOL_EXTENSIONS = YES;
				CLANG_ANALYZER_NONNULL = YES;
				CLANG_ANALYZER_NUMBER_OBJECT_CONVERSION = YES_AGGRESSIVE;
				CLANG_CXX_LANGUAGE_STANDARD = "gnu++20";
				CLANG_ENABLE_MODULES = YES;
				CLANG_ENABLE_OBJC_ARC = YES;
				CLANG_ENABLE_OBJC_WEAK = YES;
				CLANG_WARN_BLOCK_CAPTURE_AUTORELEASING = YES;
				CLANG_WARN_BOOL_CONVERSION = YES;
				CLANG_WARN_COMMA = YES;
				CLANG_WARN_CONSTANT_CONVERSION = YES;
				CLANG_WARN_DEPRECATED_OBJC_IMPLEMENTATIONS = YES;
				CLANG_WARN_DIRECT_OBJC_ISA_USAGE = YES_ERROR;
				CLANG_WARN_DOCUMENTATION_COMMENTS = YES;
				CLANG_WARN_EMPTY_BODY = YES;
				CLANG_WARN_ENUM_CONVERSION = YES;
				CLANG_WARN_INFINITE_RECURSION = YES;
				CLANG_WARN_INT_CONVERSION = YES;
				CLANG_WARN_NON_LITERAL_NULL_CONVERSION = YES;
				CLANG_WARN_OBJC_IMPLICIT_RETAIN_SELF = YES;
				CLANG_WARN_OBJC_LITERAL_CONVERSION = YES;
				CLANG_WARN_OBJC_ROOT_CLASS = YES_ERROR;
				CLANG_WARN_QUOTED_INCLUDE_IN_FRAMEWORK_HEADER = YES;
				CLANG_WARN_RANGE_LOOP_ANALYSIS = YES;
				CLANG_WARN_STRICT_PROTOTYPES = YES;
				CLANG_WARN_SUSPICIOUS_MOVE = YES;
				CLANG_WARN_UNGUARDED_AVAILABILITY = YES_AGGRESSIVE;
				CLANG_WARN_UNREACHABLE_CODE = YES;
				CLANG_WARN__DUPLICATE_METHOD_MATCH = YES;
				COPY_PHASE_STRIP = NO;
				DEBUG_INFORMATION_FORMAT = "dwarf-with-dsym";
				ENABLE_NS_ASSERTIONS = NO;
				ENABLE_STRICT_OBJC_MSGSEND = YES;
				ENABLE_USER_SCRIPT_SANDBOXING = NO;
				GCC_C_LANGUAGE_STANDARD = gnu17;
				GCC_NO_COMMON_BLOCKS = YES;
				GCC_WARN_64_TO_32_BIT_CONVERSION = YES;
				GCC_WARN_ABOUT_RETURN_TYPE = YES_ERROR;
				GCC_WARN_UNDECLARED_SELECTOR = YES;
				GCC_WARN_UNINITIALIZED_AUTOS = YES_AGGRESSIVE;
				GCC_WARN_UNUSED_FUNCTION = YES;
				GCC_WARN_UNUSED_VARIABLE = YES;
				IPHONEOS_DEPLOYMENT_TARGET = 17.0;
				LOCALIZATION_PREFERS_STRING_CATALOGS = YES;
				MTL_ENABLE_DEBUG_INFO = NO;
				MTL_FAST_MATH = YES;
				SDKROOT = iphoneos;
				SWIFT_COMPILATION_MODE = wholemodule;
				VALIDATE_PRODUCT = YES;
			};
			name = Release;
		};
		DE317FA62F62CE6A00180053 /* Debug */ = {
			isa = XCBuildConfiguration;
			buildSettings = {
				CODE_SIGN_ENTITLEMENTS = DeviceActivityReport/DeviceActivityReport.entitlements;
				CODE_SIGN_IDENTITY = "Apple Development";
				CODE_SIGN_STYLE = Automatic;
				CURRENT_PROJECT_VERSION = 1;
				DEVELOPMENT_TEAM = 2986PL676H;
				ENABLE_USER_SCRIPT_SANDBOXING = YES;
				GENERATE_INFOPLIST_FILE = YES;
				INFOPLIST_FILE = DeviceActivityReport/Info.plist;
				INFOPLIST_KEY_CFBundleDisplayName = DeviceActivityReport;
				INFOPLIST_KEY_NSHumanReadableCopyright = "";
				IPHONEOS_DEPLOYMENT_TARGET = 18.0;
				LD_RUNPATH_SEARCH_PATHS = (
					"$(inherited)",
					"@executable_path/Frameworks",
					"@executable_path/../../Frameworks",
				);
				MARKETING_VERSION = 1.0;
				PRODUCT_BUNDLE_IDENTIFIER = com.flomks.sinura.DeviceActivityReport;
				PRODUCT_NAME = "$(TARGET_NAME)";
				SKIP_INSTALL = YES;
				SWIFT_EMIT_LOC_STRINGS = YES;
				SWIFT_VERSION = 5.0;
				TARGETED_DEVICE_FAMILY = "1,2";
			};
			name = Debug;
		};
		DE317FA72F62CE6A00180053 /* Release */ = {
			isa = XCBuildConfiguration;
			buildSettings = {
				CODE_SIGN_ENTITLEMENTS = DeviceActivityReport/DeviceActivityReport.entitlements;
				CODE_SIGN_IDENTITY = "Apple Development";
				CODE_SIGN_STYLE = Automatic;
				CURRENT_PROJECT_VERSION = 1;
				DEVELOPMENT_TEAM = 2986PL676H;
				ENABLE_USER_SCRIPT_SANDBOXING = YES;
				GENERATE_INFOPLIST_FILE = YES;
				INFOPLIST_FILE = DeviceActivityReport/Info.plist;
				INFOPLIST_KEY_CFBundleDisplayName = DeviceActivityReport;
				INFOPLIST_KEY_NSHumanReadableCopyright = "";
				IPHONEOS_DEPLOYMENT_TARGET = 18.0;
				LD_RUNPATH_SEARCH_PATHS = (
					"$(inherited)",
					"@executable_path/Frameworks",
					"@executable_path/../../Frameworks",
				);
				MARKETING_VERSION = 1.0;
				PRODUCT_BUNDLE_IDENTIFIER = com.flomks.sinura.DeviceActivityReport;
				PRODUCT_NAME = "$(TARGET_NAME)";
				SKIP_INSTALL = YES;
				SWIFT_EMIT_LOC_STRINGS = YES;
				SWIFT_VERSION = 5.0;
				TARGETED_DEVICE_FAMILY = "1,2";
			};
			name = Release;
		};
		DED110712F62000200C3B230 /* Debug */ = {
			isa = XCBuildConfiguration;
			buildSettings = {
				CODE_SIGN_ENTITLEMENTS = ScreenTimeMonitor/ScreenTimeMonitor.entitlements;
				CODE_SIGN_IDENTITY = "Apple Development";
				CODE_SIGN_STYLE = Automatic;
				CURRENT_PROJECT_VERSION = 1;
				DEVELOPMENT_TEAM = 2986PL676H;
				ENABLE_USER_SCRIPT_SANDBOXING = YES;
				GENERATE_INFOPLIST_FILE = YES;
				INFOPLIST_FILE = ScreenTimeMonitor/Info.plist;
				INFOPLIST_KEY_CFBundleDisplayName = ScreenTimeMonitor;
				INFOPLIST_KEY_NSHumanReadableCopyright = "";
				IPHONEOS_DEPLOYMENT_TARGET = 18.0;
				LD_RUNPATH_SEARCH_PATHS = (
					"$(inherited)",
					"@executable_path/Frameworks",
					"@executable_path/../../Frameworks",
				);
				MARKETING_VERSION = 1.0;
				PRODUCT_BUNDLE_IDENTIFIER = com.flomks.sinura.ScreenTimeMonitor;
				PRODUCT_NAME = "$(TARGET_NAME)";
				SKIP_INSTALL = YES;
				SWIFT_EMIT_LOC_STRINGS = YES;
				SWIFT_VERSION = 5.0;
				TARGETED_DEVICE_FAMILY = "1,2";
			};
			name = Debug;
		};
		DED110722F62000200C3B230 /* Release */ = {
			isa = XCBuildConfiguration;
			buildSettings = {
				CODE_SIGN_ENTITLEMENTS = ScreenTimeMonitor/ScreenTimeMonitor.entitlements;
				CODE_SIGN_IDENTITY = "Apple Development";
				CODE_SIGN_STYLE = Automatic;
				CURRENT_PROJECT_VERSION = 1;
				DEVELOPMENT_TEAM = 2986PL676H;
				ENABLE_USER_SCRIPT_SANDBOXING = YES;
				GENERATE_INFOPLIST_FILE = YES;
				INFOPLIST_FILE = ScreenTimeMonitor/Info.plist;
				INFOPLIST_KEY_CFBundleDisplayName = ScreenTimeMonitor;
				INFOPLIST_KEY_NSHumanReadableCopyright = "";
				IPHONEOS_DEPLOYMENT_TARGET = 18.0;
				LD_RUNPATH_SEARCH_PATHS = (
					"$(inherited)",
					"@executable_path/Frameworks",
					"@executable_path/../../Frameworks",
				);
				MARKETING_VERSION = 1.0;
				PRODUCT_BUNDLE_IDENTIFIER = com.flomks.sinura.ScreenTimeMonitor;
				PRODUCT_NAME = "$(TARGET_NAME)";
				SKIP_INSTALL = YES;
				SWIFT_EMIT_LOC_STRINGS = YES;
				SWIFT_VERSION = 5.0;
				TARGETED_DEVICE_FAMILY = "1,2";
			};
			name = Release;
		};
		DED110892F62002300C3B230 /* Debug */ = {
			isa = XCBuildConfiguration;
			buildSettings = {
				CODE_SIGN_ENTITLEMENTS = ShieldConfiguration/ShieldConfiguration.entitlements;
				CODE_SIGN_IDENTITY = "Apple Development";
				CODE_SIGN_STYLE = Automatic;
				CURRENT_PROJECT_VERSION = 1;
				DEVELOPMENT_TEAM = 2986PL676H;
				ENABLE_USER_SCRIPT_SANDBOXING = YES;
				GENERATE_INFOPLIST_FILE = YES;
				INFOPLIST_FILE = ShieldConfiguration/Info.plist;
				INFOPLIST_KEY_CFBundleDisplayName = ShieldConfiguration;
				INFOPLIST_KEY_NSHumanReadableCopyright = "";
				IPHONEOS_DEPLOYMENT_TARGET = 18.0;
				LD_RUNPATH_SEARCH_PATHS = (
					"$(inherited)",
					"@executable_path/Frameworks",
					"@executable_path/../../Frameworks",
				);
				MARKETING_VERSION = 1.0;
				PRODUCT_BUNDLE_IDENTIFIER = com.flomks.sinura.ShieldConfiguration;
				PRODUCT_NAME = "$(TARGET_NAME)";
				SKIP_INSTALL = YES;
				SWIFT_EMIT_LOC_STRINGS = YES;
				SWIFT_VERSION = 5.0;
				TARGETED_DEVICE_FAMILY = "1,2";
			};
			name = Debug;
		};
		DED1108A2F62002300C3B230 /* Release */ = {
			isa = XCBuildConfiguration;
			buildSettings = {
				CODE_SIGN_ENTITLEMENTS = ShieldConfiguration/ShieldConfiguration.entitlements;
				CODE_SIGN_IDENTITY = "Apple Development";
				CODE_SIGN_STYLE = Automatic;
				CURRENT_PROJECT_VERSION = 1;
				DEVELOPMENT_TEAM = 2986PL676H;
				ENABLE_USER_SCRIPT_SANDBOXING = YES;
				GENERATE_INFOPLIST_FILE = YES;
				INFOPLIST_FILE = ShieldConfiguration/Info.plist;
				INFOPLIST_KEY_CFBundleDisplayName = ShieldConfiguration;
				INFOPLIST_KEY_NSHumanReadableCopyright = "";
				IPHONEOS_DEPLOYMENT_TARGET = 18.0;
				LD_RUNPATH_SEARCH_PATHS = (
					"$(inherited)",
					"@executable_path/Frameworks",
					"@executable_path/../../Frameworks",
				);
				MARKETING_VERSION = 1.0;
				PRODUCT_BUNDLE_IDENTIFIER = com.flomks.sinura.ShieldConfiguration;
				PRODUCT_NAME = "$(TARGET_NAME)";
				SKIP_INSTALL = YES;
				SWIFT_EMIT_LOC_STRINGS = YES;
				SWIFT_VERSION = 5.0;
				TARGETED_DEVICE_FAMILY = "1,2";
			};
			name = Release;
		};
		DED1109B2F62004A00C3B230 /* Debug */ = {
			isa = XCBuildConfiguration;
			buildSettings = {
				CODE_SIGN_ENTITLEMENTS = ShieldAction/ShieldAction.entitlements;
				CODE_SIGN_IDENTITY = "Apple Development";
				CODE_SIGN_STYLE = Automatic;
				CURRENT_PROJECT_VERSION = 1;
				DEVELOPMENT_TEAM = 2986PL676H;
				ENABLE_USER_SCRIPT_SANDBOXING = YES;
				GENERATE_INFOPLIST_FILE = YES;
				INFOPLIST_FILE = ShieldAction/Info.plist;
				INFOPLIST_KEY_CFBundleDisplayName = ShieldAction;
				INFOPLIST_KEY_NSHumanReadableCopyright = "";
				IPHONEOS_DEPLOYMENT_TARGET = 18.0;
				LD_RUNPATH_SEARCH_PATHS = (
					"$(inherited)",
					"@executable_path/Frameworks",
					"@executable_path/../../Frameworks",
				);
				MARKETING_VERSION = 1.0;
				PRODUCT_BUNDLE_IDENTIFIER = com.flomks.sinura.ShieldAction;
				PRODUCT_NAME = "$(TARGET_NAME)";
				SKIP_INSTALL = YES;
				SWIFT_EMIT_LOC_STRINGS = YES;
				SWIFT_VERSION = 5.0;
				TARGETED_DEVICE_FAMILY = "1,2";
			};
			name = Debug;
		};
		DED1109C2F62004A00C3B230 /* Release */ = {
			isa = XCBuildConfiguration;
			buildSettings = {
				CODE_SIGN_ENTITLEMENTS = ShieldAction/ShieldAction.entitlements;
				CODE_SIGN_IDENTITY = "Apple Development";
				CODE_SIGN_STYLE = Automatic;
				CURRENT_PROJECT_VERSION = 1;
				DEVELOPMENT_TEAM = 2986PL676H;
				ENABLE_USER_SCRIPT_SANDBOXING = YES;
				GENERATE_INFOPLIST_FILE = YES;
				INFOPLIST_FILE = ShieldAction/Info.plist;
				INFOPLIST_KEY_CFBundleDisplayName = ShieldAction;
				INFOPLIST_KEY_NSHumanReadableCopyright = "";
				IPHONEOS_DEPLOYMENT_TARGET = 18.0;
				LD_RUNPATH_SEARCH_PATHS = (
					"$(inherited)",
					"@executable_path/Frameworks",
					"@executable_path/../../Frameworks",
				);
				MARKETING_VERSION = 1.0;
				PRODUCT_BUNDLE_IDENTIFIER = com.flomks.sinura.ShieldAction;
				PRODUCT_NAME = "$(TARGET_NAME)";
				SKIP_INSTALL = YES;
				SWIFT_EMIT_LOC_STRINGS = YES;
				SWIFT_VERSION = 5.0;
				TARGETED_DEVICE_FAMILY = "1,2";
			};
			name = Release;
		};
		E954600675D39052456CF8F9 /* Debug */ = {
			isa = XCBuildConfiguration;
			baseConfigurationReferenceAnchor = 9F4D9F82323457B224A5E714 /* Configuration */;
			baseConfigurationReferenceRelativePath = Config.xcconfig;
			buildSettings = {
				ALWAYS_SEARCH_USER_PATHS = NO;
				ASSETCATALOG_COMPILER_GENERATE_SWIFT_ASSET_SYMBOL_EXTENSIONS = YES;
				CLANG_ANALYZER_NONNULL = YES;
				CLANG_ANALYZER_NUMBER_OBJECT_CONVERSION = YES_AGGRESSIVE;
				CLANG_CXX_LANGUAGE_STANDARD = "gnu++20";
				CLANG_ENABLE_MODULES = YES;
				CLANG_ENABLE_OBJC_ARC = YES;
				CLANG_ENABLE_OBJC_WEAK = YES;
				CLANG_WARN_BLOCK_CAPTURE_AUTORELEASING = YES;
				CLANG_WARN_BOOL_CONVERSION = YES;
				CLANG_WARN_COMMA = YES;
				CLANG_WARN_CONSTANT_CONVERSION = YES;
				CLANG_WARN_DEPRECATED_OBJC_IMPLEMENTATIONS = YES;
				CLANG_WARN_DIRECT_OBJC_ISA_USAGE = YES_ERROR;
				CLANG_WARN_DOCUMENTATION_COMMENTS = YES;
				CLANG_WARN_EMPTY_BODY = YES;
				CLANG_WARN_ENUM_CONVERSION = YES;
				CLANG_WARN_INFINITE_RECURSION = YES;
				CLANG_WARN_INT_CONVERSION = YES;
				CLANG_WARN_NON_LITERAL_NULL_CONVERSION = YES;
				CLANG_WARN_OBJC_IMPLICIT_RETAIN_SELF = YES;
				CLANG_WARN_OBJC_LITERAL_CONVERSION = YES;
				CLANG_WARN_OBJC_ROOT_CLASS = YES_ERROR;
				CLANG_WARN_QUOTED_INCLUDE_IN_FRAMEWORK_HEADER = YES;
				CLANG_WARN_RANGE_LOOP_ANALYSIS = YES;
				CLANG_WARN_STRICT_PROTOTYPES = YES;
				CLANG_WARN_SUSPICIOUS_MOVE = YES;
				CLANG_WARN_UNGUARDED_AVAILABILITY = YES_AGGRESSIVE;
				CLANG_WARN_UNREACHABLE_CODE = YES;
				CLANG_WARN__DUPLICATE_METHOD_MATCH = YES;
				COPY_PHASE_STRIP = NO;
				DEBUG_INFORMATION_FORMAT = dwarf;
				ENABLE_STRICT_OBJC_MSGSEND = YES;
				ENABLE_TESTABILITY = YES;
				ENABLE_USER_SCRIPT_SANDBOXING = NO;
				GCC_C_LANGUAGE_STANDARD = gnu17;
				GCC_DYNAMIC_NO_PIC = NO;
				GCC_NO_COMMON_BLOCKS = YES;
				GCC_OPTIMIZATION_LEVEL = 0;
				GCC_PREPROCESSOR_DEFINITIONS = (
					"DEBUG=1",
					"$(inherited)",
				);
				GCC_WARN_64_TO_32_BIT_CONVERSION = YES;
				GCC_WARN_ABOUT_RETURN_TYPE = YES_ERROR;
				GCC_WARN_UNDECLARED_SELECTOR = YES;
				GCC_WARN_UNINITIALIZED_AUTOS = YES_AGGRESSIVE;
				GCC_WARN_UNUSED_FUNCTION = YES;
				GCC_WARN_UNUSED_VARIABLE = YES;
				IPHONEOS_DEPLOYMENT_TARGET = 17.0;
				LOCALIZATION_PREFERS_STRING_CATALOGS = YES;
				MTL_ENABLE_DEBUG_INFO = INCLUDE_SOURCE;
				MTL_FAST_MATH = YES;
				ONLY_ACTIVE_ARCH = YES;
				SDKROOT = iphoneos;
				SWIFT_ACTIVE_COMPILATION_CONDITIONS = "DEBUG $(inherited)";
				SWIFT_OPTIMIZATION_LEVEL = "-Onone";
			};
			name = Debug;
		};
		ED17479C4A107CF1690812C4 /* Release */ = {
			isa = XCBuildConfiguration;
			buildSettings = {
				ARCHS = arm64;
				ASSETCATALOG_COMPILER_APPICON_NAME = AppIcon;
				ASSETCATALOG_COMPILER_GLOBAL_ACCENT_COLOR_NAME = AccentColor;
				CODE_SIGN_ENTITLEMENTS = iosApp/iosApp.entitlements;
				CODE_SIGN_IDENTITY = "Apple Development";
				CODE_SIGN_STYLE = Automatic;
				DEVELOPMENT_ASSET_PATHS = "\"iosApp/Preview Content\"";
				DEVELOPMENT_TEAM = 2986PL676H;
				ENABLE_PREVIEWS = YES;
				GENERATE_INFOPLIST_FILE = YES;
				INFOPLIST_FILE = iosApp/Info.plist;
				INFOPLIST_KEY_UIApplicationSceneManifest_Generation = YES;
				INFOPLIST_KEY_UIApplicationSupportsIndirectInputEvents = YES;
				INFOPLIST_KEY_UILaunchStoryboardName = LaunchScreen;
				INFOPLIST_KEY_UISupportedInterfaceOrientations_iPad = "UIInterfaceOrientationPortrait UIInterfaceOrientationPortraitUpsideDown UIInterfaceOrientationLandscapeLeft UIInterfaceOrientationLandscapeRight";
				INFOPLIST_KEY_UISupportedInterfaceOrientations_iPhone = "UIInterfaceOrientationPortrait UIInterfaceOrientationLandscapeLeft UIInterfaceOrientationLandscapeRight";
				LD_RUNPATH_SEARCH_PATHS = (
					"$(inherited)",
					"@executable_path/Frameworks",
				);
				SWIFT_EMIT_LOC_STRINGS = YES;
				SWIFT_VERSION = 5.9;
				TARGETED_DEVICE_FAMILY = "1,2";
			};
			name = Release;
		};
/* End XCBuildConfiguration section */

/* Begin XCConfigurationList section */
		A1B2C3D4E5F60009A1B2C3D4 /* Build configuration list for PBXNativeTarget "iosAppTests" */ = {
			isa = XCConfigurationList;
			buildConfigurations = (
				A1B2C3D4E5F6000AA1B2C3D4 /* Debug */,
				A1B2C3D4E5F6000BA1B2C3D4 /* Release */,
			);
			defaultConfigurationIsVisible = 0;
			defaultConfigurationName = Release;
		};
		AAD834DC0EE98D56D72E004C /* Build configuration list for PBXProject "iosApp" */ = {
			isa = XCConfigurationList;
			buildConfigurations = (
				E954600675D39052456CF8F9 /* Debug */,
				D101C5FC0A8A96F96178EC6D /* Release */,
			);
			defaultConfigurationIsVisible = 0;
			defaultConfigurationName = Release;
		};
		DE317FA52F62CE6A00180053 /* Build configuration list for PBXNativeTarget "DeviceActivityReport" */ = {
			isa = XCConfigurationList;
			buildConfigurations = (
				DE317FA62F62CE6A00180053 /* Debug */,
				DE317FA72F62CE6A00180053 /* Release */,
			);
			defaultConfigurationIsVisible = 0;
			defaultConfigurationName = Release;
		};
		DED110732F62000200C3B230 /* Build configuration list for PBXNativeTarget "ScreenTimeMonitor" */ = {
			isa = XCConfigurationList;
			buildConfigurations = (
				DED110712F62000200C3B230 /* Debug */,
				DED110722F62000200C3B230 /* Release */,
			);
			defaultConfigurationIsVisible = 0;
			defaultConfigurationName = Release;
		};
		DED110882F62002300C3B230 /* Build configuration list for PBXNativeTarget "ShieldConfiguration" */ = {
			isa = XCConfigurationList;
			buildConfigurations = (
				DED110892F62002300C3B230 /* Debug */,
				DED1108A2F62002300C3B230 /* Release */,
			);
			defaultConfigurationIsVisible = 0;
			defaultConfigurationName = Release;
		};
		DED1109A2F62004A00C3B230 /* Build configuration list for PBXNativeTarget "ShieldAction" */ = {
			isa = XCConfigurationList;
			buildConfigurations = (
				DED1109B2F62004A00C3B230 /* Debug */,
				DED1109C2F62004A00C3B230 /* Release */,
			);
			defaultConfigurationIsVisible = 0;
			defaultConfigurationName = Release;
		};
		F68F016351E28A847FA8B9A5 /* Build configuration list for PBXNativeTarget "iosApp" */ = {
			isa = XCConfigurationList;
			buildConfigurations = (
				5B3EF3D8201114760E675E2F /* Debug */,
				ED17479C4A107CF1690812C4 /* Release */,
			);
			defaultConfigurationIsVisible = 0;
			defaultConfigurationName = Release;
		};
/* End XCConfigurationList section */
	};
	rootObject = 2BE3E43641C769565DBF55D0 /* Project object */;
}
